
Microsoft Visual Studio Solution File, Format Version 12.00
# Visual Studio Version 16
VisualStudioVersion = 16.0.31729.503
MinimumVisualStudioVersion = 10.0.40219.1
Project("{FAE04EC0-301F-11D3-BF4B-00C04F79EFBC}") = "13", "13\13.csproj", "{14B706CE-79CB-470E-A90B-BD03117B8D28}"
EndProject
Project("{FAE04EC0-301F-11D3-BF4B-00C04F79EFBC}") = "RecapDemo1", "RecapDemo1\RecapDemo1.csproj", "{4E48F620-3ABA-48E2-BF82-54D316DA87C4}"
EndProject
Global
	GlobalSection(SolutionConfigurationPlatforms) = preSolution
		Debug|Any CPU = Debug|Any CPU
		Release|Any CPU = Release|Any CPU
	EndGlobalSection
	GlobalSection(ProjectConfigurationPlatforms) = postSolution
		{14B706CE-79CB-470E-A90B-BD03117B8D28}.Debug|Any CPU.ActiveCfg = Debug|Any CPU
		{14B706CE-79CB-470E-A90B-BD03117B8D28}.Debug|Any CPU.Build.0 = Debug|Any CPU
		{14B706CE-79CB-470E-A90B-BD03117B8D28}.Release|Any CPU.ActiveCfg = Release|Any CPU
		{14B706CE-79CB-470E-A90B-BD03117B8D28}.Release|Any CPU.Build.0 = Release|Any CPU
		{4E48F620-3ABA-48E2-BF82-54D316DA87C4}.Debug|Any CPU.ActiveCfg = Debug|Any CPU
		{4E48F620-3ABA-48E2-BF82-54D316DA87C4}.Debug|Any CPU.Build.0 = Debug|Any CPU
		{4E48F620-3ABA-48E2-BF82-54D316DA87C4}.Release|Any CPU.ActiveCfg = Release|Any CPU
		{4E48F620-3ABA-48E2-BF82-54D316DA87C4}.Release|Any CPU.Build.0 = Release|Any CPU
	EndGlobalSection
	GlobalSection(SolutionProperties) = preSolution
		HideSolutionNode = FALSE
	EndGlobalSection
	GlobalSection(ExtensibilityGlobals) = postSolution
		SolutionGuid = {68A4E1EC-4919-40E5-B454-F407B75EDA73}
	EndGlobalSection
EndGlobal
